Microsoft Visual Studio Solution File, Format Version 12.00
# Visual Studio Version 16
VisualStudioVersion = 16.0.31402.337
MinimumVisualStudioVersion = 10.0.40219.1
Project("{FAE04EC0-301F-11D3-BF4B-00C04F79EFBC}") = "Affiliation", "Affiliation\Affiliation.csproj", "{9295B723-28C2-40C3-8DA3-08A1775580A9}"
EndProject
Project("{FAE04EC0-301F-11D3-BF4B-00C04F79EFBC}") = "Application", "Application\Application.csproj", "{0B0E1687-C9DA-4497-BF84-659BE90558E9}"
EndProject
Project("{FAE04EC0-301F-11D3-BF4B-00C04F79EFBC}") = "AxReporting", "AxReporting\AxReporting.csproj", "{D2B0C50F-BB8D-4018-BDBB-AB207B013B71}"
EndProject
Project("{FAE04EC0-301F-11D3-BF4B-00C04F79EFBC}") = "Barcode", "Barcodes\Barcode.csproj", "{CBD1962F-F9F8-4F58-9140-4CD31705A517}"
EndProject
Project("{FAE04EC0-301F-11D3-BF4B-00C04F79EFBC}") = "BlankOperations", "BlankOperations\BlankOperations.csproj", "{282963A8-B6CE-464E-8F9A-5B3A044F53E9}"
EndProject
Project("{FAE04EC0-301F-11D3-BF4B-00C04F79EFBC}") = "Card", "Card\Card.csproj", "{CBB1634A-A962-44D7-822A-C21EC628DED5}"
EndProject
Project("{FAE04EC0-301F-11D3-BF4B-00C04F79EFBC}") = "CashChanger", "CashChanger\CashChanger.csproj", "{4BF3A615-19EC-423D-BCA6-262EF638BD46}"
EndProject
Project("{FAE04EC0-301F-11D3-BF4B-00C04F79EFBC}") = "CCTV", "CCTV\CCTV.csproj", "{2FDBAB6E-010B-4808-BB68-499BBAD93F15}"
EndProject
Project("{FAE04EC0-301F-11D3-BF4B-00C04F79EFBC}") = "Charges", "Charges\Charges.csproj", "{F3624828-3F1F-4506-9907-DEB253B98E2B}"
EndProject
Project("{FAE04EC0-301F-11D3-BF4B-00C04F79EFBC}") = "CreditMemo", "CreditMemo\CreditMemo.csproj", "{BF31D122-FE58-45E4-9A66-93EF9C6EECF2}"
EndProject
Project("{FAE04EC0-301F-11D3-BF4B-00C04F79EFBC}") = "Currency", "Currency\Currency.csproj", "{E6D3A566-C149-4BEE-9165-F33A48E9B61F}"
EndProject
Project("{FAE04EC0-301F-11D3-BF4B-00C04F79EFBC}") = "Customer", "Customer\Customer.csproj", "{7D317DB1-7C7B-41B0-AC36-C03C03CCBBB0}"
EndProject
Project("{FAE04EC0-301F-11D3-BF4B-00C04F79EFBC}") = "CustomField", "CustomField\CustomField.csproj", "{6DB35232-29CB-4FA7-8F1A-352BD088297D}"
EndProject
Project("{FAE04EC0-301F-11D3-BF4B-00C04F79EFBC}") = "DefaultFiscalRegistrationService", "DefaultFiscalRegistrationService\DefaultFiscalRegistrationService.csproj", "{76C62601-5D6E-488F-8F62-C99FFF0D6E16}"
EndProject
Project("{FAE04EC0-301F-11D3-BF4B-00C04F79EFBC}") = "Dialog", "Dialog\Dialog.csproj", "{19FDE46A-AF38-4295-8CB7-B7EE3F6D8D8A}"
EndProject
Project("{FAE04EC0-301F-11D3-BF4B-00C04F79EFBC}") = "Dimension", "Dimension\Dimension.csproj", "{F61DB4C1-CF8C-4EB8-9F24-795F18768833}"
EndProject
Project("{FAE04EC0-301F-11D3-BF4B-00C04F79EFBC}") = "Discount", "Discount\Discount.csproj", "{E26CE392-E0FE-441F-88BC-4C920CB9C24E}"
EndProject
Project("{FAE04EC0-301F-11D3-BF4B-00C04F79EFBC}") = "EFTServiceOperationsService", "EFTServiceOperationsService\EFTServiceOperationsService.csproj", "{C2440902-E1DB-4515-B966-475F54FC9DA9}"
EndProject
Project("{FAE04EC0-301F-11D3-BF4B-00C04F79EFBC}") = "EOD", "EOD\EOD.csproj", "{7BAFF941-604A-439A-9933-5E1B92B1A53C}"
EndProject
Project("{FAE04EC0-301F-11D3-BF4B-00C04F79EFBC}") = "GiftCard", "GiftCard\GiftCard.csproj", "{41C15590-E5BC-4A54-B3F3-9CA8D76E179D}"
EndProject
Project("{FAE04EC0-301F-11D3-BF4B-00C04F79EFBC}") = "Infocodes", "Infocodes\Infocodes.csproj", "{65695DB4-5168-40DE-B61B-E501F4B33178}"
EndProject
Project("{FAE04EC0-301F-11D3-BF4B-00C04F79EFBC}") = "InteractionDefaults", "InteractionDefaults\InteractionDefaults.csproj", "{67D7C10A-E270-4CDC-A9F9-E8F5E33F1A85}"
EndProject
Project("{FAE04EC0-301F-11D3-BF4B-00C04F79EFBC}") = "Interaction", "Interaction\Interaction.csproj", "{D0C8182E-0171-486F-A4A5-C9269645814A}"
EndProject
Project("{FAE04EC0-301F-11D3-BF4B-00C04F79EFBC}") = "Item", "Item\Item.csproj", "{96D8CEBE-93CD-42AC-91E8-5B93ECB272CD}"
EndProject
Project("{FAE04EC0-301F-11D3-BF4B-00C04F79EFBC}") = "LogOn", "LogOn\LogOn.csproj", "{EFA163E3-D4D9-43E1-A85F-09DD6D884064}"
EndProject
Project("{FAE04EC0-301F-11D3-BF4B-00C04F79EFBC}") = "Loyalty", "Loyalty\Loyalty.csproj", "{44FDC5E6-3107-4016-84F5-09B84BBCE2D3}"
EndProject
Project("{FAE04EC0-301F-11D3-BF4B-00C04F79EFBC}") = "Peripherals", "Peripherals\Peripherals.csproj", "{652D460D-8122-44E1-A0F1-F939D50B7984}"
EndProject
Project("{FAE04EC0-301F-11D3-BF4B-00C04F79EFBC}") = "Price", "Price\Price.csproj", "{179D6956-A229-4067-932E-2D2F0ADA81B7}"
EndProject
Project("{FAE04EC0-301F-11D3-BF4B-00C04F79EFBC}") = "Printing", "Printing\Printing.csproj", "{90C67C83-C536-4FA2-AA45-7588A5125F6B}"
EndProject
Project("{FAE04EC0-301F-11D3-BF4B-00C04F79EFBC}") = "PurchaseOrderReceiving", "PurchaseOrderReceiving\PurchaseOrderReceiving.csproj", "{8CB04F2F-D936-44BF-85A8-16E6EE8F34BF}"
EndProject
Project("{FAE04EC0-301F-11D3-BF4B-00C04F79EFBC}") = "QRCode", "QRCode\QRCode.csproj", "{666E18AF-1330-4500-81A1-F01BAB87F448}"
EndProject
Project("{FAE04EC0-301F-11D3-BF4B-00C04F79EFBC}") = "Receipt", "Receipt\Receipt.csproj", "{AEED9516-8CF3-4A5C-83C2-B343BB80C80D}"
EndProject
Project("{FAE04EC0-301F-11D3-BF4B-00C04F79EFBC}") = "StoreInventoryServices", "RetailStoreInventoryService\StoreInventoryServices.csproj", "{7DAA1A2C-DE5D-454E-80DB-57F2DA65581D}"
EndProject
Project("{FAE04EC0-301F-11D3-BF4B-00C04F79EFBC}") = "RFID", "RFID\RFID.csproj", "{0F34C2ED-E76F-40AC-A328-0523478C565C}"
EndProject
Project("{FAE04EC0-301F-11D3-BF4B-00C04F79EFBC}") = "Rounding", "Rounding\Rounding.csproj", "{796E9EBC-2FF9-41E0-8B16-D5C0E1F1C653}"
EndProject
Project("{FAE04EC0-301F-11D3-BF4B-00C04F79EFBC}") = "SalesInvoice", "SalesInvoice\SalesInvoice.csproj", "{DAAF5161-363E-4849-86DD-3AA9A2E63B00}"
EndProject
Project("{FAE04EC0-301F-11D3-BF4B-00C04F79EFBC}") = "SalesOrder", "SalesOrder\SalesOrder.csproj", "{47DE2389-921F-426B-A4AF-79C3A4E214AB}"
EndProject
Project("{FAE04EC0-301F-11D3-BF4B-00C04F79EFBC}") = "StockCount", "StockCount\StockCount.csproj", "{901EC8C9-E1A5-4972-9157-1896341F1EB4}"
EndProject
Project("{FAE04EC0-301F-11D3-BF4B-00C04F79EFBC}") = "TaskRecorder", "TaskRecorder\TaskRecorder.csproj", "{41238B71-79CA-48CC-84A0-C4375FF9206A}"
EndProject
Project("{FAE04EC0-301F-11D3-BF4B-00C04F79EFBC}") = "Tax", "Tax\Tax.csproj", "{C413108F-C89A-49E5-813D-937292C96E8B}"
EndProject
Project("{FAE04EC0-301F-11D3-BF4B-00C04F79EFBC}") = "TenderRestriction", "TenderRestriction\TenderRestriction.csproj", "{85DA65D0-DC40-4AC6-AB80-6EBBDDA62343}"
EndProject
Project("{FAE04EC0-301F-11D3-BF4B-00C04F79EFBC}") = "TimeRegistration", "TimeRegistration\TimeRegistration.csproj", "{AF627167-0A41-4882-955C-BA0A96A6C62C}"
EndProject
Project("{FAE04EC0-301F-11D3-BF4B-00C04F79EFBC}") = "FiscalPrinterUtilities", "FiscalPrinterUtilities\FiscalPrinterUtilities.csproj", "{74027E34-D477-4AD7-912B-12F6F54A8D86}"
EndProject
Project("{FAE04EC0-301F-11D3-BF4B-00C04F79EFBC}") = "RussianFiscalPrinter", "RussianFiscalPrinter\RussianFiscalPrinter.csproj", "{76618A6F-CCC9-41A8-BA46-595674CBFD69}"
EndProject
Project("{FAE04EC0-301F-11D3-BF4B-00C04F79EFBC}") = "FiscalRegisterFactory", "FiscalRegisterFactory\FiscalRegisterFactory.csproj", "{4B0E0A65-C32F-43E4-885F-EFAE8CB2CACD}"
EndProject
Project("{FAE04EC0-301F-11D3-BF4B-00C04F79EFBC}") = "FiscalRegisterUtilities", "FiscalRegisterUtilities\FiscalRegisterUtilities.csproj", "{94B479DD-8327-4719-881C-8C90DD9164A0}"
EndProject
Project("{FAE04EC0-301F-11D3-BF4B-00C04F79EFBC}") = "CreateDatabase", "CreateDatabase\CreateDatabase.csproj", "{408F48D0-41A4-4811-B041-E63AB35659DF}"
EndProject
Project("{FAE04EC0-301F-11D3-BF4B-00C04F79EFBC}") = "EFT", "EFT\EFT.csproj", "{B220A472-ABE8-4A53-995C-70B5CCC19235}"
EndProject
Project("{FAE04EC0-301F-11D3-BF4B-00C04F79EFBC}") = "SQLServerCrypto", "SQLServerCrypto\SQLServerCrypto.csproj", "{8F5BC98F-B03D-4B2D-B08C-4774E94592BF}"
EndProject
Global
	GlobalSection(SolutionConfigurationPlatforms) = preSolution
		Debug|Any CPU = Debug|Any CPU
		Debug|x86 = Debug|x86
		Release|Any CPU = Release|Any CPU
		Release|x86 = Release|x86
	EndGlobalSection
	GlobalSection(ProjectConfigurationPlatforms) = postSolution
		{9295B723-28C2-40C3-8DA3-08A1775580A9}.Debug|Any CPU.ActiveCfg = Debug|Any CPU
		{9295B723-28C2-40C3-8DA3-08A1775580A9}.Debug|Any CPU.Build.0 = Debug|Any CPU
		{9295B723-28C2-40C3-8DA3-08A1775580A9}.Debug|x86.ActiveCfg = Debug|Any CPU
		{9295B723-28C2-40C3-8DA3-08A1775580A9}.Release|Any CPU.ActiveCfg = Release|Any CPU
		{9295B723-28C2-40C3-8DA3-08A1775580A9}.Release|Any CPU.Build.0 = Release|Any CPU
		{9295B723-28C2-40C3-8DA3-08A1775580A9}.Release|x86.ActiveCfg = Release|Any CPU
		{0B0E1687-C9DA-4497-BF84-659BE90558E9}.Debug|Any CPU.ActiveCfg = Debug|Any CPU
		{0B0E1687-C9DA-4497-BF84-659BE90558E9}.Debug|Any CPU.Build.0 = Debug|Any CPU
		{0B0E1687-C9DA-4497-BF84-659BE90558E9}.Debug|x86.ActiveCfg = Debug|Any CPU
		{0B0E1687-C9DA-4497-BF84-659BE90558E9}.Release|Any CPU.ActiveCfg = Release|Any CPU
		{0B0E1687-C9DA-4497-BF84-659BE90558E9}.Release|Any CPU.Build.0 = Release|Any CPU
		{0B0E1687-C9DA-4497-BF84-659BE90558E9}.Release|x86.ActiveCfg = Release|Any CPU
		{D2B0C50F-BB8D-4018-BDBB-AB207B013B71}.Debug|Any CPU.ActiveCfg = Debug|Any CPU
		{D2B0C50F-BB8D-4018-BDBB-AB207B013B71}.Debug|Any CPU.Build.0 = Debug|Any CPU
		{D2B0C50F-BB8D-4018-BDBB-AB207B013B71}.Debug|x86.ActiveCfg = Debug|x86
		{D2B0C50F-BB8D-4018-BDBB-AB207B013B71}.Debug|x86.Build.0 = Debug|x86
		{D2B0C50F-BB8D-4018-BDBB-AB207B013B71}.Release|Any CPU.ActiveCfg = Release|Any CPU
		{D2B0C50F-BB8D-4018-BDBB-AB207B013B71}.Release|Any CPU.Build.0 = Release|Any CPU
		{D2B0C50F-BB8D-4018-BDBB-AB207B013B71}.Release|x86.ActiveCfg = Release|x86
		{D2B0C50F-BB8D-4018-BDBB-AB207B013B71}.Release|x86.Build.0 = Release|x86
		{CBD1962F-F9F8-4F58-9140-4CD31705A517}.Debug|Any CPU.ActiveCfg = Debug|Any CPU
		{CBD1962F-F9F8-4F58-9140-4CD31705A517}.Debug|Any CPU.Build.0 = Debug|Any CPU
		{CBD1962F-F9F8-4F58-9140-4CD31705A517}.Debug|x86.ActiveCfg = Debug|Any CPU
		{CBD1962F-F9F8-4F58-9140-4CD31705A517}.Release|Any CPU.ActiveCfg = Release|Any CPU
		{CBD1962F-F9F8-4F58-9140-4CD31705A517}.Release|Any CPU.Build.0 = Release|Any CPU
		{CBD1962F-F9F8-4F58-9140-4CD31705A517}.Release|x86.ActiveCfg = Release|Any CPU
		{282963A8-B6CE-464E-8F9A-5B3A044F53E9}.Debug|Any CPU.ActiveCfg = Debug|Any CPU
		{282963A8-B6CE-464E-8F9A-5B3A044F53E9}.Debug|Any CPU.Build.0 = Debug|Any CPU
		{282963A8-B6CE-464E-8F9A-5B3A044F53E9}.Debug|x86.ActiveCfg = Debug|Any CPU
		{282963A8-B6CE-464E-8F9A-5B3A044F53E9}.Release|Any CPU.ActiveCfg = Release|Any CPU
		{282963A8-B6CE-464E-8F9A-5B3A044F53E9}.Release|Any CPU.Build.0 = Release|Any CPU
		{282963A8-B6CE-464E-8F9A-5B3A044F53E9}.Release|x86.ActiveCfg = Release|Any CPU
		{CBB1634A-A962-44D7-822A-C21EC628DED5}.Debug|Any CPU.ActiveCfg = Debug|Any CPU
		{CBB1634A-A962-44D7-822A-C21EC628DED5}.Debug|Any CPU.Build.0 = Debug|Any CPU
		{CBB1634A-A962-44D7-822A-C21EC628DED5}.Debug|x86.ActiveCfg = Debug|Any CPU
		{CBB1634A-A962-44D7-822A-C21EC628DED5}.Release|Any CPU.ActiveCfg = Release|Any CPU
		{CBB1634A-A962-44D7-822A-C21EC628DED5}.Release|Any CPU.Build.0 = Release|Any CPU
		{CBB1634A-A962-44D7-822A-C21EC628DED5}.Release|x86.ActiveCfg = Release|Any CPU
		{4BF3A615-19EC-423D-BCA6-262EF638BD46}.Debug|Any CPU.ActiveCfg = Debug|Any CPU
		{4BF3A615-19EC-423D-BCA6-262EF638BD46}.Debug|Any CPU.Build.0 = Debug|Any CPU
		{4BF3A615-19EC-423D-BCA6-262EF638BD46}.Debug|x86.ActiveCfg = Debug|Any CPU
		{4BF3A615-19EC-423D-BCA6-262EF638BD46}.Release|Any CPU.ActiveCfg = Release|Any CPU
		{4BF3A615-19EC-423D-BCA6-262EF638BD46}.Release|Any CPU.Build.0 = Release|Any CPU
		{4BF3A615-19EC-423D-BCA6-262EF638BD46}.Release|x86.ActiveCfg = Release|Any CPU
		{2FDBAB6E-010B-4808-BB68-499BBAD93F15}.Debug|Any CPU.ActiveCfg = Debug|Any CPU
		{2FDBAB6E-010B-4808-BB68-499BBAD93F15}.Debug|Any CPU.Build.0 = Debug|Any CPU
		{2FDBAB6E-010B-4808-BB68-499BBAD93F15}.Debug|x86.ActiveCfg = Debug|Any CPU
		{2FDBAB6E-010B-4808-BB68-499BBAD93F15}.Release|Any CPU.ActiveCfg = Release|Any CPU
		{2FDBAB6E-010B-4808-BB68-499BBAD93F15}.Release|Any CPU.Build.0 = Release|Any CPU
		{2FDBAB6E-010B-4808-BB68-499BBAD93F15}.Release|x86.ActiveCfg = Release|Any CPU
		{F3624828-3F1F-4506-9907-DEB253B98E2B}.Debug|Any CPU.ActiveCfg = Debug|Any CPU
		{F3624828-3F1F-4506-9907-DEB253B98E2B}.Debug|Any CPU.Build.0 = Debug|Any CPU
		{F3624828-3F1F-4506-9907-DEB253B98E2B}.Debug|x86.ActiveCfg = Debug|Any CPU
		{F3624828-3F1F-4506-9907-DEB253B98E2B}.Release|Any CPU.ActiveCfg = Debug|Any CPU
		{F3624828-3F1F-4506-9907-DEB253B98E2B}.Release|Any CPU.Build.0 = Debug|Any CPU
		{F3624828-3F1F-4506-9907-DEB253B98E2B}.Release|x86.ActiveCfg = Debug|Any CPU
		{BF31D122-FE58-45E4-9A66-93EF9C6EECF2}.Debug|Any CPU.ActiveCfg = Debug|Any CPU
		{BF31D122-FE58-45E4-9A66-93EF9C6EECF2}.Debug|Any CPU.Build.0 = Debug|Any CPU
		{BF31D122-FE58-45E4-9A66-93EF9C6EECF2}.Debug|x86.ActiveCfg = Debug|Any CPU
		{BF31D122-FE58-45E4-9A66-93EF9C6EECF2}.Release|Any CPU.ActiveCfg = Release|Any CPU
		{BF31D122-FE58-45E4-9A66-93EF9C6EECF2}.Release|Any CPU.Build.0 = Release|Any CPU
		{BF31D122-FE58-45E4-9A66-93EF9C6EECF2}.Release|x86.ActiveCfg = Release|Any CPU
		{E6D3A566-C149-4BEE-9165-F33A48E9B61F}.Debug|Any CPU.ActiveCfg = Debug|Any CPU
		{E6D3A566-C149-4BEE-9165-F33A48E9B61F}.Debug|Any CPU.Build.0 = Debug|Any CPU
		{E6D3A566-C149-4BEE-9165-F33A48E9B61F}.Debug|x86.ActiveCfg = Debug|Any CPU
		{E6D3A566-C149-4BEE-9165-F33A48E9B61F}.Release|Any CPU.ActiveCfg = Release|Any CPU
		{E6D3A566-C149-4BEE-9165-F33A48E9B61F}.Release|Any CPU.Build.0 = Release|Any CPU
		{E6D3A566-C149-4BEE-9165-F33A48E9B61F}.Release|x86.ActiveCfg = Release|Any CPU
		{7D317DB1-7C7B-41B0-AC36-C03C03CCBBB0}.Debug|Any CPU.ActiveCfg = Debug|Any CPU
		{7D317DB1-7C7B-41B0-AC36-C03C03CCBBB0}.Debug|Any CPU.Build.0 = Debug|Any CPU
		{7D317DB1-7C7B-41B0-AC36-C03C03CCBBB0}.Debug|x86.ActiveCfg = Debug|Any CPU
		{7D317DB1-7C7B-41B0-AC36-C03C03CCBBB0}.Release|Any CPU.ActiveCfg = Release|Any CPU
		{7D317DB1-7C7B-41B0-AC36-C03C03CCBBB0}.Release|Any CPU.Build.0 = Release|Any CPU
		{7D317DB1-7C7B-41B0-AC36-C03C03CCBBB0}.Release|x86.ActiveCfg = Release|Any CPU
		{6DB35232-29CB-4FA7-8F1A-352BD088297D}.Debug|Any CPU.ActiveCfg = Debug|Any CPU
		{6DB35232-29CB-4FA7-8F1A-352BD088297D}.Debug|Any CPU.Build.0 = Debug|Any CPU
		{6DB35232-29CB-4FA7-8F1A-352BD088297D}.Debug|x86.ActiveCfg = Debug|Any CPU
		{6DB35232-29CB-4FA7-8F1A-352BD088297D}.Release|Any CPU.ActiveCfg = Debug|Any CPU
		{6DB35232-29CB-4FA7-8F1A-352BD088297D}.Release|Any CPU.Build.0 = Debug|Any CPU
		{6DB35232-29CB-4FA7-8F1A-352BD088297D}.Release|x86.ActiveCfg = Debug|Any CPU
		{76C62601-5D6E-488F-8F62-C99FFF0D6E16}.Debug|Any CPU.ActiveCfg = Debug|Any CPU
		{76C62601-5D6E-488F-8F62-C99FFF0D6E16}.Debug|Any CPU.Build.0 = Debug|Any CPU
		{76C62601-5D6E-488F-8F62-C99FFF0D6E16}.Debug|x86.ActiveCfg = Debug|Any CPU
		{76C62601-5D6E-488F-8F62-C99FFF0D6E16}.Release|Any CPU.ActiveCfg = Release|Any CPU
		{76C62601-5D6E-488F-8F62-C99FFF0D6E16}.Release|Any CPU.Build.0 = Release|Any CPU
		{76C62601-5D6E-488F-8F62-C99FFF0D6E16}.Release|x86.ActiveCfg = Release|Any CPU
		{19FDE46A-AF38-4295-8CB7-B7EE3F6D8D8A}.Debug|Any CPU.ActiveCfg = Debug|Any CPU
		{19FDE46A-AF38-4295-8CB7-B7EE3F6D8D8A}.Debug|Any CPU.Build.0 = Debug|Any CPU
		{19FDE46A-AF38-4295-8CB7-B7EE3F6D8D8A}.Debug|x86.ActiveCfg = Debug|Any CPU
		{19FDE46A-AF38-4295-8CB7-B7EE3F6D8D8A}.Release|Any CPU.ActiveCfg = Release|Any CPU
		{19FDE46A-AF38-4295-8CB7-B7EE3F6D8D8A}.Release|Any CPU.Build.0 = Release|Any CPU
		{19FDE46A-AF38-4295-8CB7-B7EE3F6D8D8A}.Release|x86.ActiveCfg = Release|Any CPU
		{F61DB4C1-CF8C-4EB8-9F24-795F18768833}.Debug|Any CPU.ActiveCfg = Debug|Any CPU
		{F61DB4C1-CF8C-4EB8-9F24-795F18768833}.Debug|Any CPU.Build.0 = Debug|Any CPU
		{F61DB4C1-CF8C-4EB8-9F24-795F18768833}.Debug|x86.ActiveCfg = Debug|Any CPU
		{F61DB4C1-CF8C-4EB8-9F24-795F18768833}.Release|Any CPU.ActiveCfg = Release|Any CPU
		{F61DB4C1-CF8C-4EB8-9F24-795F18768833}.Release|Any CPU.Build.0 = Release|Any CPU
		{F61DB4C1-CF8C-4EB8-9F24-795F18768833}.Release|x86.ActiveCfg = Release|Any CPU
		{E26CE392-E0FE-441F-88BC-4C920CB9C24E}.Debug|Any CPU.ActiveCfg = Debug|Any CPU
		{E26CE392-E0FE-441F-88BC-4C920CB9C24E}.Debug|Any CPU.Build.0 = Debug|Any CPU
		{E26CE392-E0FE-441F-88BC-4C920CB9C24E}.Debug|x86.ActiveCfg = Debug|Any CPU
		{E26CE392-E0FE-441F-88BC-4C920CB9C24E}.Release|Any CPU.ActiveCfg = Release|Any CPU
		{E26CE392-E0FE-441F-88BC-4C920CB9C24E}.Release|Any CPU.Build.0 = Release|Any CPU
		{E26CE392-E0FE-441F-88BC-4C920CB9C24E}.Release|x86.ActiveCfg = Release|Any CPU
		{C2440902-E1DB-4515-B966-475F54FC9DA9}.Debug|Any CPU.ActiveCfg = Debug|Any CPU
		{C2440902-E1DB-4515-B966-475F54FC9DA9}.Debug|Any CPU.Build.0 = Debug|Any CPU
		{C2440902-E1DB-4515-B966-475F54FC9DA9}.Debug|x86.ActiveCfg = Debug|x86
		{C2440902-E1DB-4515-B966-475F54FC9DA9}.Debug|x86.Build.0 = Debug|x86
		{C2440902-E1DB-4515-B966-475F54FC9DA9}.Release|Any CPU.ActiveCfg = Release|Any CPU
		{C2440902-E1DB-4515-B966-475F54FC9DA9}.Release|Any CPU.Build.0 = Release|Any CPU
		{C2440902-E1DB-4515-B966-475F54FC9DA9}.Release|x86.ActiveCfg = Release|x86
		{C2440902-E1DB-4515-B966-475F54FC9DA9}.Release|x86.Build.0 = Release|x86
		{7BAFF941-604A-439A-9933-5E1B92B1A53C}.Debug|Any CPU.ActiveCfg = Debug|Any CPU
		{7BAFF941-604A-439A-9933-5E1B92B1A53C}.Debug|Any CPU.Build.0 = Debug|Any CPU
		{7BAFF941-604A-439A-9933-5E1B92B1A53C}.Debug|x86.ActiveCfg = Debug|Any CPU
		{7BAFF941-604A-439A-9933-5E1B92B1A53C}.Release|Any CPU.ActiveCfg = Release|Any CPU
		{7BAFF941-604A-439A-9933-5E1B92B1A53C}.Release|Any CPU.Build.0 = Release|Any CPU
		{7BAFF941-604A-439A-9933-5E1B92B1A53C}.Release|x86.ActiveCfg = Release|Any CPU
		{41C15590-E5BC-4A54-B3F3-9CA8D76E179D}.Debug|Any CPU.ActiveCfg = Debug|Any CPU
		{41C15590-E5BC-4A54-B3F3-9CA8D76E179D}.Debug|Any CPU.Build.0 = Debug|Any CPU
		{41C15590-E5BC-4A54-B3F3-9CA8D76E179D}.Debug|x86.ActiveCfg = Debug|Any CPU
		{41C15590-E5BC-4A54-B3F3-9CA8D76E179D}.Release|Any CPU.ActiveCfg = Release|Any CPU
		{41C15590-E5BC-4A54-B3F3-9CA8D76E179D}.Release|Any CPU.Build.0 = Release|Any CPU
		{41C15590-E5BC-4A54-B3F3-9CA8D76E179D}.Release|x86.ActiveCfg = Release|Any CPU
		{65695DB4-5168-40DE-B61B-E501F4B33178}.Debug|Any CPU.ActiveCfg = Debug|Any CPU
		{65695DB4-5168-40DE-B61B-E501F4B33178}.Debug|Any CPU.Build.0 = Debug|Any CPU
		{65695DB4-5168-40DE-B61B-E501F4B33178}.Debug|x86.ActiveCfg = Debug|Any CPU
		{65695DB4-5168-40DE-B61B-E501F4B33178}.Release|Any CPU.ActiveCfg = Release|Any CPU
		{65695DB4-5168-40DE-B61B-E501F4B33178}.Release|Any CPU.Build.0 = Release|Any CPU
		{65695DB4-5168-40DE-B61B-E501F4B33178}.Release|x86.ActiveCfg = Release|Any CPU
		{67D7C10A-E270-4CDC-A9F9-E8F5E33F1A85}.Debug|Any CPU.ActiveCfg = Debug|Any CPU
		{67D7C10A-E270-4CDC-A9F9-E8F5E33F1A85}.Debug|Any CPU.Build.0 = Debug|Any CPU
		{67D7C10A-E270-4CDC-A9F9-E8F5E33F1A85}.Debug|x86.ActiveCfg = Debug|Any CPU
		{67D7C10A-E270-4CDC-A9F9-E8F5E33F1A85}.Release|Any CPU.ActiveCfg = Release|Any CPU
		{67D7C10A-E270-4CDC-A9F9-E8F5E33F1A85}.Release|Any CPU.Build.0 = Release|Any CPU
		{67D7C10A-E270-4CDC-A9F9-E8F5E33F1A85}.Release|x86.ActiveCfg = Release|Any CPU
		{D0C8182E-0171-486F-A4A5-C9269645814A}.Debug|Any CPU.ActiveCfg = Debug|Any CPU
		{D0C8182E-0171-486F-A4A5-C9269645814A}.Debug|Any CPU.Build.0 = Debug|Any CPU
		{D0C8182E-0171-486F-A4A5-C9269645814A}.Debug|x86.ActiveCfg = Debug|Any CPU
		{D0C8182E-0171-486F-A4A5-C9269645814A}.Release|Any CPU.ActiveCfg = Release|Any CPU
		{D0C8182E-0171-486F-A4A5-C9269645814A}.Release|Any CPU.Build.0 = Release|Any CPU
		{D0C8182E-0171-486F-A4A5-C9269645814A}.Release|x86.ActiveCfg = Release|Any CPU
		{96D8CEBE-93CD-42AC-91E8-5B93ECB272CD}.Debug|Any CPU.ActiveCfg = Debug|Any CPU
		{96D8CEBE-93CD-42AC-91E8-5B93ECB272CD}.Debug|Any CPU.Build.0 = Debug|Any CPU
		{96D8CEBE-93CD-42AC-91E8-5B93ECB272CD}.Debug|x86.ActiveCfg = Debug|Any CPU
		{96D8CEBE-93CD-42AC-91E8-5B93ECB272CD}.Release|Any CPU.ActiveCfg = Release|Any CPU
		{96D8CEBE-93CD-42AC-91E8-5B93ECB272CD}.Release|Any CPU.Build.0 = Release|Any CPU
		{96D8CEBE-93CD-42AC-91E8-5B93ECB272CD}.Release|x86.ActiveCfg = Release|Any CPU
		{EFA163E3-D4D9-43E1-A85F-09DD6D884064}.Debug|Any CPU.ActiveCfg = Debug|Any CPU
		{EFA163E3-D4D9-43E1-A85F-09DD6D884064}.Debug|Any CPU.Build.0 = Debug|Any CPU
		{EFA163E3-D4D9-43E1-A85F-09DD6D884064}.Debug|x86.ActiveCfg = Debug|Any CPU
		{EFA163E3-D4D9-43E1-A85F-09DD6D884064}.Release|Any CPU.ActiveCfg = Debug|Any CPU
		{EFA163E3-D4D9-43E1-A85F-09DD6D884064}.Release|Any CPU.Build.0 = Debug|Any CPU
		{EFA163E3-D4D9-43E1-A85F-09DD6D884064}.Release|x86.ActiveCfg = Debug|Any CPU
		{44FDC5E6-3107-4016-84F5-09B84BBCE2D3}.Debug|Any CPU.ActiveCfg = Debug|Any CPU
		{44FDC5E6-3107-4016-84F5-09B84BBCE2D3}.Debug|Any CPU.Build.0 = Debug|Any CPU
		{44FDC5E6-3107-4016-84F5-09B84BBCE2D3}.Debug|x86.ActiveCfg = Debug|Any CPU
		{44FDC5E6-3107-4016-84F5-09B84BBCE2D3}.Release|Any CPU.ActiveCfg = Release|Any CPU
		{44FDC5E6-3107-4016-84F5-09B84BBCE2D3}.Release|Any CPU.Build.0 = Release|Any CPU
		{44FDC5E6-3107-4016-84F5-09B84BBCE2D3}.Release|x86.ActiveCfg = Release|Any CPU
		{652D460D-8122-44E1-A0F1-F939D50B7984}.Debug|Any CPU.ActiveCfg = Debug|Any CPU
		{652D460D-8122-44E1-A0F1-F939D50B7984}.Debug|Any CPU.Build.0 = Debug|Any CPU
		{652D460D-8122-44E1-A0F1-F939D50B7984}.Debug|x86.ActiveCfg = Debug|Any CPU
		{652D460D-8122-44E1-A0F1-F939D50B7984}.Release|Any CPU.ActiveCfg = Debug|Any CPU
		{652D460D-8122-44E1-A0F1-F939D50B7984}.Release|Any CPU.Build.0 = Debug|Any CPU
		{652D460D-8122-44E1-A0F1-F939D50B7984}.Release|x86.ActiveCfg = Debug|Any CPU
		{179D6956-A229-4067-932E-2D2F0ADA81B7}.Debug|Any CPU.ActiveCfg = Debug|Any CPU
		{179D6956-A229-4067-932E-2D2F0ADA81B7}.Debug|Any CPU.Build.0 = Debug|Any CPU
		{179D6956-A229-4067-932E-2D2F0ADA81B7}.Debug|x86.ActiveCfg = Debug|Any CPU
		{179D6956-A229-4067-932E-2D2F0ADA81B7}.Release|Any CPU.ActiveCfg = Release|Any CPU
		{179D6956-A229-4067-932E-2D2F0ADA81B7}.Release|Any CPU.Build.0 = Release|Any CPU
		{179D6956-A229-4067-932E-2D2F0ADA81B7}.Release|x86.ActiveCfg = Release|Any CPU
		{90C67C83-C536-4FA2-AA45-7588A5125F6B}.Debug|Any CPU.ActiveCfg = Debug|Any CPU
		{90C67C83-C536-4FA2-AA45-7588A5125F6B}.Debug|Any CPU.Build.0 = Debug|Any CPU
		{90C67C83-C536-4FA2-AA45-7588A5125F6B}.Debug|x86.ActiveCfg = Debug|Any CPU
		{90C67C83-C536-4FA2-AA45-7588A5125F6B}.Release|Any CPU.ActiveCfg = Release|Any CPU
		{90C67C83-C536-4FA2-AA45-7588A5125F6B}.Release|Any CPU.Build.0 = Release|Any CPU
		{90C67C83-C536-4FA2-AA45-7588A5125F6B}.Release|x86.ActiveCfg = Release|Any CPU
		{8CB04F2F-D936-44BF-85A8-16E6EE8F34BF}.Debug|Any CPU.ActiveCfg = Debug|Any CPU
		{8CB04F2F-D936-44BF-85A8-16E6EE8F34BF}.Debug|Any CPU.Build.0 = Debug|Any CPU
		{8CB04F2F-D936-44BF-85A8-16E6EE8F34BF}.Debug|x86.ActiveCfg = Debug|Any CPU
		{8CB04F2F-D936-44BF-85A8-16E6EE8F34BF}.Release|Any CPU.ActiveCfg = Release|Any CPU
		{8CB04F2F-D936-44BF-85A8-16E6EE8F34BF}.Release|Any CPU.Build.0 = Release|Any CPU
		{8CB04F2F-D936-44BF-85A8-16E6EE8F34BF}.Release|x86.ActiveCfg = Release|Any CPU
		{666E18AF-1330-4500-81A1-F01BAB87F448}.Debug|Any CPU.ActiveCfg = Debug|Any CPU
		{666E18AF-1330-4500-81A1-F01BAB87F448}.Debug|Any CPU.Build.0 = Debug|Any CPU
		{666E18AF-1330-4500-81A1-F01BAB87F448}.Debug|x86.ActiveCfg = Debug|Any CPU
		{666E18AF-1330-4500-81A1-F01BAB87F448}.Release|Any CPU.ActiveCfg = Release|Any CPU
		{666E18AF-1330-4500-81A1-F01BAB87F448}.Release|Any CPU.Build.0 = Release|Any CPU
		{666E18AF-1330-4500-81A1-F01BAB87F448}.Release|x86.ActiveCfg = Release|Any CPU
		{AEED9516-8CF3-4A5C-83C2-B343BB80C80D}.Debug|Any CPU.ActiveCfg = Debug|Any CPU
		{AEED9516-8CF3-4A5C-83C2-B343BB80C80D}.Debug|Any CPU.Build.0 = Debug|Any CPU
		{AEED9516-8CF3-4A5C-83C2-B343BB80C80D}.Debug|x86.ActiveCfg = Debug|Any CPU
		{AEED9516-8CF3-4A5C-83C2-B343BB80C80D}.Release|Any CPU.ActiveCfg = Release|Any CPU
		{AEED9516-8CF3-4A5C-83C2-B343BB80C80D}.Release|Any CPU.Build.0 = Release|Any CPU
		{AEED9516-8CF3-4A5C-83C2-B343BB80C80D}.Release|x86.ActiveCfg = Release|Any CPU
		{7DAA1A2C-DE5D-454E-80DB-57F2DA65581D}.Debug|Any CPU.ActiveCfg = Debug|Any CPU
		{7DAA1A2C-DE5D-454E-80DB-57F2DA65581D}.Debug|Any CPU.Build.0 = Debug|Any CPU
		{7DAA1A2C-DE5D-454E-80DB-57F2DA65581D}.Debug|x86.ActiveCfg = Debug|Any CPU
		{7DAA1A2C-DE5D-454E-80DB-57F2DA65581D}.Release|Any CPU.ActiveCfg = Release|Any CPU
		{7DAA1A2C-DE5D-454E-80DB-57F2DA65581D}.Release|Any CPU.Build.0 = Release|Any CPU
		{7DAA1A2C-DE5D-454E-80DB-57F2DA65581D}.Release|x86.ActiveCfg = Release|Any CPU
		{0F34C2ED-E76F-40AC-A328-0523478C565C}.Debug|Any CPU.ActiveCfg = Debug|Any CPU
		{0F34C2ED-E76F-40AC-A328-0523478C565C}.Debug|Any CPU.Build.0 = Debug|Any CPU
		{0F34C2ED-E76F-40AC-A328-0523478C565C}.Debug|x86.ActiveCfg = Debug|Any CPU
		{0F34C2ED-E76F-40AC-A328-0523478C565C}.Release|Any CPU.ActiveCfg = Release|Any CPU
		{0F34C2ED-E76F-40AC-A328-0523478C565C}.Release|Any CPU.Build.0 = Release|Any CPU
		{0F34C2ED-E76F-40AC-A328-0523478C565C}.Release|x86.ActiveCfg = Release|Any CPU
		{796E9EBC-2FF9-41E0-8B16-D5C0E1F1C653}.Debug|Any CPU.ActiveCfg = Debug|Any CPU
		{796E9EBC-2FF9-41E0-8B16-D5C0E1F1C653}.Debug|Any CPU.Build.0 = Debug|Any CPU
		{796E9EBC-2FF9-41E0-8B16-D5C0E1F1C653}.Debug|x86.ActiveCfg = Debug|Any CPU
		{796E9EBC-2FF9-41E0-8B16-D5C0E1F1C653}.Release|Any CPU.ActiveCfg = Release|Any CPU
		{796E9EBC-2FF9-41E0-8B16-D5C0E1F1C653}.Release|Any CPU.Build.0 = Release|Any CPU
		{796E9EBC-2FF9-41E0-8B16-D5C0E1F1C653}.Release|x86.ActiveCfg = Release|Any CPU
		{DAAF5161-363E-4849-86DD-3AA9A2E63B00}.Debug|Any CPU.ActiveCfg = Debug|Any CPU
		{DAAF5161-363E-4849-86DD-3AA9A2E63B00}.Debug|Any CPU.Build.0 = Debug|Any CPU
		{DAAF5161-363E-4849-86DD-3AA9A2E63B00}.Debug|x86.ActiveCfg = Debug|Any CPU
		{DAAF5161-363E-4849-86DD-3AA9A2E63B00}.Release|Any CPU.ActiveCfg = Release|Any CPU
		{DAAF5161-363E-4849-86DD-3AA9A2E63B00}.Release|Any CPU.Build.0 = Release|Any CPU
		{DAAF5161-363E-4849-86DD-3AA9A2E63B00}.Release|x86.ActiveCfg = Release|Any CPU
		{47DE2389-921F-426B-A4AF-79C3A4E214AB}.Debug|Any CPU.ActiveCfg = Debug|Any CPU
		{47DE2389-921F-426B-A4AF-79C3A4E214AB}.Debug|Any CPU.Build.0 = Debug|Any CPU
		{47DE2389-921F-426B-A4AF-79C3A4E214AB}.Debug|x86.ActiveCfg = Debug|Any CPU
		{47DE2389-921F-426B-A4AF-79C3A4E214AB}.Release|Any CPU.ActiveCfg = Release|Any CPU
		{47DE2389-921F-426B-A4AF-79C3A4E214AB}.Release|Any CPU.Build.0 = Release|Any CPU
		{47DE2389-921F-426B-A4AF-79C3A4E214AB}.Release|x86.ActiveCfg = Release|Any CPU
		{901EC8C9-E1A5-4972-9157-1896341F1EB4}.Debug|Any CPU.ActiveCfg = Debug|Any CPU
		{901EC8C9-E1A5-4972-9157-1896341F1EB4}.Debug|Any CPU.Build.0 = Debug|Any CPU
		{901EC8C9-E1A5-4972-9157-1896341F1EB4}.Debug|x86.ActiveCfg = Debug|Any CPU
		{901EC8C9-E1A5-4972-9157-1896341F1EB4}.Release|Any CPU.ActiveCfg = Release|Any CPU
		{901EC8C9-E1A5-4972-9157-1896341F1EB4}.Release|Any CPU.Build.0 = Release|Any CPU
		{901EC8C9-E1A5-4972-9157-1896341F1EB4}.Release|x86.ActiveCfg = Release|Any CPU
		{41238B71-79CA-48CC-84A0-C4375FF9206A}.Debug|Any CPU.ActiveCfg = Debug|Any CPU
		{41238B71-79CA-48CC-84A0-C4375FF9206A}.Debug|Any CPU.Build.0 = Debug|Any CPU
		{41238B71-79CA-48CC-84A0-C4375FF9206A}.Debug|x86.ActiveCfg = Debug|Any CPU
		{41238B71-79CA-48CC-84A0-C4375FF9206A}.Release|Any CPU.ActiveCfg = Release|Any CPU
		{41238B71-79CA-48CC-84A0-C4375FF9206A}.Release|Any CPU.Build.0 = Release|Any CPU
		{41238B71-79CA-48CC-84A0-C4375FF9206A}.Release|x86.ActiveCfg = Release|Any CPU
		{C413108F-C89A-49E5-813D-937292C96E8B}.Debug|Any CPU.ActiveCfg = Debug|Any CPU
		{C413108F-C89A-49E5-813D-937292C96E8B}.Debug|Any CPU.Build.0 = Debug|Any CPU
		{C413108F-C89A-49E5-813D-937292C96E8B}.Debug|x86.ActiveCfg = Debug|Any CPU
		{C413108F-C89A-49E5-813D-937292C96E8B}.Release|Any CPU.ActiveCfg = Release|Any CPU
		{C413108F-C89A-49E5-813D-937292C96E8B}.Release|Any CPU.Build.0 = Release|Any CPU
		{C413108F-C89A-49E5-813D-937292C96E8B}.Release|x86.ActiveCfg = Release|Any CPU
		{85DA65D0-DC40-4AC6-AB80-6EBBDDA62343}.Debug|Any CPU.ActiveCfg = Debug|Any CPU
		{85DA65D0-DC40-4AC6-AB80-6EBBDDA62343}.Debug|Any CPU.Build.0 = Debug|Any CPU
		{85DA65D0-DC40-4AC6-AB80-6EBBDDA62343}.Debug|x86.ActiveCfg = Debug|Any CPU
		{85DA65D0-DC40-4AC6-AB80-6EBBDDA62343}.Release|Any CPU.ActiveCfg = Release|Any CPU
		{85DA65D0-DC40-4AC6-AB80-6EBBDDA62343}.Release|Any CPU.Build.0 = Release|Any CPU
		{85DA65D0-DC40-4AC6-AB80-6EBBDDA62343}.Release|x86.ActiveCfg = Release|Any CPU
		{AF627167-0A41-4882-955C-BA0A96A6C62C}.Debug|Any CPU.ActiveCfg = Debug|Any CPU
		{AF627167-0A41-4882-955C-BA0A96A6C62C}.Debug|Any CPU.Build.0 = Debug|Any CPU
		{AF627167-0A41-4882-955C-BA0A96A6C62C}.Debug|x86.ActiveCfg = Debug|Any CPU
		{AF627167-0A41-4882-955C-BA0A96A6C62C}.Release|Any CPU.ActiveCfg = Release|Any CPU
		{AF627167-0A41-4882-955C-BA0A96A6C62C}.Release|Any CPU.Build.0 = Release|Any CPU
		{AF627167-0A41-4882-955C-BA0A96A6C62C}.Release|x86.ActiveCfg = Release|Any CPU
		{74027E34-D477-4AD7-912B-12F6F54A8D86}.Debug|Any CPU.ActiveCfg = Debug|Any CPU
		{74027E34-D477-4AD7-912B-12F6F54A8D86}.Debug|Any CPU.Build.0 = Debug|Any CPU
		{74027E34-D477-4AD7-912B-12F6F54A8D86}.Debug|x86.ActiveCfg = Debug|Any CPU
		{74027E34-D477-4AD7-912B-12F6F54A8D86}.Release|Any CPU.ActiveCfg = Release|Any CPU
		{74027E34-D477-4AD7-912B-12F6F54A8D86}.Release|Any CPU.Build.0 = Release|Any CPU
		{74027E34-D477-4AD7-912B-12F6F54A8D86}.Release|x86.ActiveCfg = Release|Any CPU
		{76618A6F-CCC9-41A8-BA46-595674CBFD69}.Debug|Any CPU.ActiveCfg = Debug|Any CPU
		{76618A6F-CCC9-41A8-BA46-595674CBFD69}.Debug|Any CPU.Build.0 = Debug|Any CPU
		{76618A6F-CCC9-41A8-BA46-595674CBFD69}.Debug|x86.ActiveCfg = Debug|Any CPU
		{76618A6F-CCC9-41A8-BA46-595674CBFD69}.Release|Any CPU.ActiveCfg = Release|Any CPU
		{76618A6F-CCC9-41A8-BA46-595674CBFD69}.Release|Any CPU.Build.0 = Release|Any CPU
		{76618A6F-CCC9-41A8-BA46-595674CBFD69}.Release|x86.ActiveCfg = Release|Any CPU
		{4B0E0A65-C32F-43E4-885F-EFAE8CB2CACD}.Debug|Any CPU.ActiveCfg = Debug|Any CPU
		{4B0E0A65-C32F-43E4-885F-EFAE8CB2CACD}.Debug|Any CPU.Build.0 = Debug|Any CPU
		{4B0E0A65-C32F-43E4-885F-EFAE8CB2CACD}.Debug|x86.ActiveCfg = Debug|Any CPU
		{4B0E0A65-C32F-43E4-885F-EFAE8CB2CACD}.Release|Any CPU.ActiveCfg = Release|Any CPU
		{4B0E0A65-C32F-43E4-885F-EFAE8CB2CACD}.Release|Any CPU.Build.0 = Release|Any CPU
		{4B0E0A65-C32F-43E4-885F-EFAE8CB2CACD}.Release|x86.ActiveCfg = Release|Any CPU
		{94B479DD-8327-4719-881C-8C90DD9164A0}.Debug|Any CPU.ActiveCfg = Debug|Any CPU
		{94B479DD-8327-4719-881C-8C90DD9164A0}.Debug|Any CPU.Build.0 = Debug|Any CPU
		{94B479DD-8327-4719-881C-8C90DD9164A0}.Debug|x86.ActiveCfg = Debug|Any CPU
		{94B479DD-8327-4719-881C-8C90DD9164A0}.Release|Any CPU.ActiveCfg = Release|Any CPU
		{94B479DD-8327-4719-881C-8C90DD9164A0}.Release|Any CPU.Build.0 = Release|Any CPU
		{94B479DD-8327-4719-881C-8C90DD9164A0}.Release|x86.ActiveCfg = Release|Any CPU
		{408F48D0-41A4-4811-B041-E63AB35659DF}.Debug|Any CPU.ActiveCfg = Debug|Any CPU
		{408F48D0-41A4-4811-B041-E63AB35659DF}.Debug|Any CPU.Build.0 = Debug|Any CPU
		{408F48D0-41A4-4811-B041-E63AB35659DF}.Debug|x86.ActiveCfg = Debug|Any CPU
		{408F48D0-41A4-4811-B041-E63AB35659DF}.Release|Any CPU.ActiveCfg = Release|Any CPU
		{408F48D0-41A4-4811-B041-E63AB35659DF}.Release|Any CPU.Build.0 = Release|Any CPU
		{408F48D0-41A4-4811-B041-E63AB35659DF}.Release|x86.ActiveCfg = Release|Any CPU
		{B220A472-ABE8-4A53-995C-70B5CCC19235}.Debug|Any CPU.ActiveCfg = Debug|Any CPU
		{B220A472-ABE8-4A53-995C-70B5CCC19235}.Debug|Any CPU.Build.0 = Debug|Any CPU
		{B220A472-ABE8-4A53-995C-70B5CCC19235}.Debug|x86.ActiveCfg = Debug|Any CPU
		{B220A472-ABE8-4A53-995C-70B5CCC19235}.Release|Any CPU.ActiveCfg = Release|Any CPU
		{B220A472-ABE8-4A53-995C-70B5CCC19235}.Release|Any CPU.Build.0 = Release|Any CPU
		{B220A472-ABE8-4A53-995C-70B5CCC19235}.Release|x86.ActiveCfg = Release|Any CPU
		{8F5BC98F-B03D-4B2D-B08C-4774E94592BF}.Debug|Any CPU.ActiveCfg = Debug|Any CPU
		{8F5BC98F-B03D-4B2D-B08C-4774E94592BF}.Debug|Any CPU.Build.0 = Debug|Any CPU
		{8F5BC98F-B03D-4B2D-B08C-4774E94592BF}.Debug|x86.ActiveCfg = Debug|Any CPU
		{8F5BC98F-B03D-4B2D-B08C-4774E94592BF}.Debug|x86.Build.0 = Debug|Any CPU
		{8F5BC98F-B03D-4B2D-B08C-4774E94592BF}.Release|Any CPU.ActiveCfg = Release|Any CPU
		{8F5BC98F-B03D-4B2D-B08C-4774E94592BF}.Release|Any CPU.Build.0 = Release|Any CPU
		{8F5BC98F-B03D-4B2D-B08C-4774E94592BF}.Release|x86.ActiveCfg = Release|Any CPU
		{8F5BC98F-B03D-4B2D-B08C-4774E94592BF}.Release|x86.Build.0 = Release|Any CPU
	EndGlobalSection
	GlobalSection(SolutionProperties) = preSolution
		HideSolutionNode = FALSE
	EndGlobalSection
	GlobalSection(ExtensibilityGlobals) = postSolution
		SolutionGuid = {7D05D0FB-CCC0-42FD-BE2E-B26DFF8CF88F}
	EndGlobalSection
EndGlobal
